
Microsoft Visual Studio Solution File, Format Version 12.00
# Visual Studio Version 17
VisualStudioVersion = 17.8.34330.188
MinimumVisualStudioVersion = 10.0.40219.1
Project("{FAE04EC0-301F-11D3-BF4B-00C04F79EFBC}") = "QRScanningFun.Console", "QRScanningFun.Console.csproj", "{099FB335-0F59-45BC-931C-5B4D6C3951D2}"
EndProject
Project("{2150E333-8FDC-42A3-9474-1A3956D46DE8}") = "Solution Items", "Solution Items", "{5BD3BF22-0520-4834-AFC4-2B23CBD7AB9C}"
	ProjectSection(SolutionItems) = preProject
		..\.gitignore = ..\.gitignore
		..\.github\workflows\main.yml = ..\.github\workflows\main.yml
		..\README.md = ..\README.md
	EndProjectSection
EndProject
Project("{FAE04EC0-301F-11D3-BF4B-00C04F79EFBC}") = "QRScanningFun.Application", "..\QRScanningFun.Application\QRScanningFun.Application.csproj", "{43D0B311-838B-43B5-9246-A0B1F032F604}"
EndProject
Project("{2150E333-8FDC-42A3-9474-1A3956D46DE8}") = "tests", "tests", "{3228E52B-27B8-49F3-8DA9-E88410A76A7A}"
EndProject
Project("{FAE04EC0-301F-11D3-BF4B-00C04F79EFBC}") = "QRScanningFun.Application.Tests", "..\tests\QRScanningFun.Application.Tests\QRScanningFun.Application.Tests.csproj", "{D12AEF67-A05D-4D19-B93E-8B9297CA64BF}"
EndProject
Global
	GlobalSection(SolutionConfigurationPlatforms) = preSolution
		Debug|Any CPU = Debug|Any CPU
		Release|Any CPU = Release|Any CPU
	EndGlobalSection
	GlobalSection(ProjectConfigurationPlatforms) = postSolution
		{099FB335-0F59-45BC-931C-5B4D6C3951D2}.Debug|Any CPU.ActiveCfg = Debug|Any CPU
		{099FB335-0F59-45BC-931C-5B4D6C3951D2}.Debug|Any CPU.Build.0 = Debug|Any CPU
		{099FB335-0F59-45BC-931C-5B4D6C3951D2}.Release|Any CPU.ActiveCfg = Release|Any CPU
		{099FB335-0F59-45BC-931C-5B4D6C3951D2}.Release|Any CPU.Build.0 = Release|Any CPU
		{43D0B311-838B-43B5-9246-A0B1F032F604}.Debug|Any CPU.ActiveCfg = Debug|Any CPU
		{43D0B311-838B-43B5-9246-A0B1F032F604}.Debug|Any CPU.Build.0 = Debug|Any CPU
		{43D0B311-838B-43B5-9246-A0B1F032F604}.Release|Any CPU.ActiveCfg = Release|Any CPU
		{43D0B311-838B-43B5-9246-A0B1F032F604}.Release|Any CPU.Build.0 = Release|Any CPU
		{D12AEF67-A05D-4D19-B93E-8B9297CA64BF}.Debug|Any CPU.ActiveCfg = Debug|Any CPU
		{D12AEF67-A05D-4D19-B93E-8B9297CA64BF}.Debug|Any CPU.Build.0 = Debug|Any CPU
		{D12AEF67-A05D-4D19-B93E-8B9297CA64BF}.Release|Any CPU.ActiveCfg = Release|Any CPU
		{D12AEF67-A05D-4D19-B93E-8B9297CA64BF}.Release|Any CPU.Build.0 = Release|Any CPU
	EndGlobalSection
	GlobalSection(SolutionProperties) = preSolution
		HideSolutionNode = FALSE
	EndGlobalSection
	GlobalSection(NestedProjects) = preSolution
		{D12AEF67-A05D-4D19-B93E-8B9297CA64BF} = {3228E52B-27B8-49F3-8DA9-E88410A76A7A}
	EndGlobalSection
	GlobalSection(ExtensibilityGlobals) = postSolution
		SolutionGuid = {6F137BE8-4FD6-4561-A0A5-B72425A3D51B}
	EndGlobalSection
EndGlobal
